
Microsoft Visual Studio Solution File, Format Version 12.00
# Visual Studio Version 17
VisualStudioVersion = 17.3.32929.385
MinimumVisualStudioVersion = 10.0.40219.1
Project("{FAE04EC0-301F-11D3-BF4B-00C04F79EFBC}") = "PS Application", "PS Application\PS Application.csproj", "{8E362126-D1D9-4D74-ABDA-54A1C8BC8C79}"
EndProject
Global
	GlobalSection(SolutionConfigurationPlatforms) = preSolution
		Debug|Any CPU = Debug|Any CPU
		Release|Any CPU = Release|Any CPU
	EndGlobalSection
	GlobalSection(ProjectConfigurationPlatforms) = postSolution
		{8E362126-D1D9-4D74-ABDA-54A1C8BC8C79}.Debug|Any CPU.ActiveCfg = Debug|Any CPU
		{8E362126-D1D9-4D74-ABDA-54A1C8BC8C79}.Debug|Any CPU.Build.0 = Debug|Any CPU
		{8E362126-D1D9-4D74-ABDA-54A1C8BC8C79}.Release|Any CPU.ActiveCfg = Release|Any CPU
		{8E362126-D1D9-4D74-ABDA-54A1C8BC8C79}.Release|Any CPU.Build.0 = Release|Any CPU
	EndGlobalSection
	GlobalSection(SolutionProperties) = preSolution
		HideSolutionNode = FALSE
	EndGlobalSection
	GlobalSection(ExtensibilityGlobals) = postSolution
		SolutionGuid = {24D0F2B2-0E27-4453-82E4-43EB450B9C42}
	EndGlobalSection
EndGlobal
